// !$*UTF8*$!
{
	archiveVersion = 1;
	classes = {
	};
	objectVersion = 56;
	objects = {

/* Begin PBXBuildFile section */
		773000EF2A1CBD2400FE29D5 /* HomeMadeApp.swift in Sources */ = {isa = PBXBuildFile; fileRef = 773000EE2A1CBD2400FE29D5 /* HomeMadeApp.swift */; };
		773000F12A1CBD2400FE29D5 /* ContentView.swift in Sources */ = {isa = PBXBuildFile; fileRef = 773000F02A1CBD2400FE29D5 /* ContentView.swift */; };
		773000F32A1CBD2500FE29D5 /* Assets.xcassets in Resources */ = {isa = PBXBuildFile; fileRef = 773000F22A1CBD2500FE29D5 /* Assets.xcassets */; };
		773000F62A1CBD2500FE29D5 /* Preview Assets.xcassets in Resources */ = {isa = PBXBuildFile; fileRef = 773000F52A1CBD2500FE29D5 /* Preview Assets.xcassets */; };
		773000FE2A1CBD6800FE29D5 /* InputTextField.swift in Sources */ = {isa = PBXBuildFile; fileRef = 773000FD2A1CBD6800FE29D5 /* InputTextField.swift */; };
		773001012A1CC17500FE29D5 /* StoreInfoView.swift in Sources */ = {isa = PBXBuildFile; fileRef = 773001002A1CC17500FE29D5 /* StoreInfoView.swift */; };
		773001042A1CC51700FE29D5 /* ButtonStyle.swift in Sources */ = {isa = PBXBuildFile; fileRef = 773001032A1CC51700FE29D5 /* ButtonStyle.swift */; };
		7730010C2A1D206500FE29D5 /* ContactInforView.swift in Sources */ = {isa = PBXBuildFile; fileRef = 7730010B2A1D206500FE29D5 /* ContactInforView.swift */; };
		773001122A1DE89600FE29D5 /* thanksView.swift in Sources */ = {isa = PBXBuildFile; fileRef = 773001112A1DE89600FE29D5 /* thanksView.swift */; };
		773001142A1DEFBF00FE29D5 /* newView.swift in Sources */ = {isa = PBXBuildFile; fileRef = 773001132A1DEFBF00FE29D5 /* newView.swift */; };
		77A70CD42A1F495200B87D34 /* photpView.swift in Sources */ = {isa = PBXBuildFile; fileRef = 77A70CD32A1F495200B87D34 /* photpView.swift */; };
		77A70CDA2A1F4D5900B87D34 /* photoView2.swift in Sources */ = {isa = PBXBuildFile; fileRef = 77A70CD92A1F4D5900B87D34 /* photoView2.swift */; };
/* End PBXBuildFile section */

/* Begin PBXFileReference section */
		773000EB2A1CBD2400FE29D5 /* HomeMade.app */ = {isa = PBXFileReference; explicitFileType = wrapper.application; includeInIndex = 0; path = HomeMade.app; sourceTree = BUILT_PRODUCTS_DIR; };
		773000EE2A1CBD2400FE29D5 /* HomeMadeApp.swift */ = {isa = PBXFileReference; lastKnownFileType = sourcecode.swift; path = HomeMadeApp.swift; sourceTree = "<group>"; };
		773000F02A1CBD2400FE29D5 /* ContentView.swift */ = {isa = PBXFileReference; lastKnownFileType = sourcecode.swift; path = ContentView.swift; sourceTree = "<group>"; };
		773000F22A1CBD2500FE29D5 /* Assets.xcassets */ = {isa = PBXFileReference; lastKnownFileType = folder.assetcatalog; path = Assets.xcassets; sourceTree = "<group>"; };
		773000F52A1CBD2500FE29D5 /* Preview Assets.xcassets */ = {isa = PBXFileReference; lastKnownFileType = folder.assetcatalog; path = "Preview Assets.xcassets"; sourceTree = "<group>"; };
		773000FD2A1CBD6800FE29D5 /* InputTextField.swift */ = {isa = PBXFileReference; lastKnownFileType = sourcecode.swift; path = InputTextField.swift; sourceTree = "<group>"; };
		773001002A1CC17500FE29D5 /* StoreInfoView.swift */ = {isa = PBXFileReference; lastKnownFileType = sourcecode.swift; path = StoreInfoView.swift; sourceTree = "<group>"; };
		773001032A1CC51700FE29D5 /* ButtonStyle.swift */ = {isa = PBXFileReference; lastKnownFileType = sourcecode.swift; path = ButtonStyle.swift; sourceTree = "<group>"; };
		7730010B2A1D206500FE29D5 /* ContactInforView.swift */ = {isa = PBXFileReference; lastKnownFileType = sourcecode.swift; path = ContactInforView.swift; sourceTree = "<group>"; };
		773001112A1DE89600FE29D5 /* thanksView.swift */ = {isa = PBXFileReference; lastKnownFileType = sourcecode.swift; path = thanksView.swift; sourceTree = "<group>"; };
		773001132A1DEFBF00FE29D5 /* newView.swift */ = {isa = PBXFileReference; lastKnownFileType = sourcecode.swift; path = newView.swift; sourceTree = "<group>"; };
		77A70CD32A1F495200B87D34 /* photpView.swift */ = {isa = PBXFileReference; lastKnownFileType = sourcecode.swift; path = photpView.swift; sourceTree = "<group>"; };
		77A70CD92A1F4D5900B87D34 /* photoView2.swift */ = {isa = PBXFileReference; lastKnownFileType = sourcecode.swift; path = photoView2.swift; sourceTree = "<group>"; };
/* End PBXFileReference section */

/* Begin PBXFrameworksBuildPhase section */
		773000E82A1CBD2400FE29D5 /* Frameworks */ = {
			isa = PBXFrameworksBuildPhase;
			buildActionMask = 2147483647;
			files = (
			);
			runOnlyForDeploymentPostprocessing = 0;
		};
/* End PBXFrameworksBuildPhase section */

/* Begin PBXGroup section */
		773000E22A1CBD2400FE29D5 = {
			isa = PBXGroup;
			children = (
				7730010B2A1D206500FE29D5 /* ContactInforView.swift */,
				77A70CD32A1F495200B87D34 /* photpView.swift */,
				77A70CD92A1F4D5900B87D34 /* photoView2.swift */,
				773001112A1DE89600FE29D5 /* thanksView.swift */,
				773001132A1DEFBF00FE29D5 /* newView.swift */,
				773000ED2A1CBD2400FE29D5 /* HomeMade */,
				773000EC2A1CBD2400FE29D5 /* Products */,
			);
			sourceTree = "<group>";
		};
		773000EC2A1CBD2400FE29D5 /* Products */ = {
			isa = PBXGroup;
			children = (
				773000EB2A1CBD2400FE29D5 /* HomeMade.app */,
			);
			name = Products;
			sourceTree = "<group>";
		};
		773000ED2A1CBD2400FE29D5 /* HomeMade */ = {
			isa = PBXGroup;
			children = (
				773000FF2A1CC15600FE29D5 /* StoreInformation */,
				773000FC2A1CBD3100FE29D5 /* Component */,
				773000EE2A1CBD2400FE29D5 /* HomeMadeApp.swift */,
				773000F02A1CBD2400FE29D5 /* ContentView.swift */,
				773000F22A1CBD2500FE29D5 /* Assets.xcassets */,
				773000F42A1CBD2500FE29D5 /* Preview Content */,
			);
			path = HomeMade;
			sourceTree = "<group>";
		};
		773000F42A1CBD2500FE29D5 /* Preview Content */ = {
			isa = PBXGroup;
			children = (
				773000F52A1CBD2500FE29D5 /* Preview Assets.xcassets */,
			);
			path = "Preview Content";
			sourceTree = "<group>";
		};
		773000FC2A1CBD3100FE29D5 /* Component */ = {
			isa = PBXGroup;
			children = (
				773000FD2A1CBD6800FE29D5 /* InputTextField.swift */,
				773001032A1CC51700FE29D5 /* ButtonStyle.swift */,
			);
			path = Component;
			sourceTree = "<group>";
		};
		773000FF2A1CC15600FE29D5 /* StoreInformation */ = {
			isa = PBXGroup;
			children = (
				773001002A1CC17500FE29D5 /* StoreInfoView.swift */,
			);
			path = StoreInformation;
			sourceTree = "<group>";
		};
/* End PBXGroup section */

/* Begin PBXNativeTarget section */
		773000EA2A1CBD2400FE29D5 /* HomeMade */ = {
			isa = PBXNativeTarget;
			buildConfigurationList = 773000F92A1CBD2500FE29D5 /* Build configuration list for PBXNativeTarget "HomeMade" */;
			buildPhases = (
				773000E72A1CBD2400FE29D5 /* Sources */,
				773000E82A1CBD2400FE29D5 /* Frameworks */,
				773000E92A1CBD2400FE29D5 /* Resources */,
			);
			buildRules = (
			);
			dependencies = (
			);
			name = HomeMade;
			productName = HomeMade;
			productReference = 773000EB2A1CBD2400FE29D5 /* HomeMade.app */;
			productType = "com.apple.product-type.application";
		};
/* End PBXNativeTarget section */

/* Begin PBXProject section */
		773000E32A1CBD2400FE29D5 /* Project object */ = {
			isa = PBXProject;
			attributes = {
				BuildIndependentTargetsInParallel = 1;
				LastSwiftUpdateCheck = 1430;
				LastUpgradeCheck = 1430;
				TargetAttributes = {
					773000EA2A1CBD2400FE29D5 = {
						CreatedOnToolsVersion = 14.3;
					};
				};
			};
			buildConfigurationList = 773000E62A1CBD2400FE29D5 /* Build configuration list for PBXProject "HomeMade" */;
			compatibilityVersion = "Xcode 14.0";
			developmentRegion = en;
			hasScannedForEncodings = 0;
			knownRegions = (
				en,
				Base,
			);
			mainGroup = 773000E22A1CBD2400FE29D5;
			productRefGroup = 773000EC2A1CBD2400FE29D5 /* Products */;
			projectDirPath = "";
			projectRoot = "";
			targets = (
				773000EA2A1CBD2400FE29D5 /* HomeMade */,
			);
		};
/* End PBXProject section */

/* Begin PBXResourcesBuildPhase section */
		773000E92A1CBD2400FE29D5 /* Resources */ = {
			isa = PBXResourcesBuildPhase;
			buildActionMask = 2147483647;
			files = (
				773000F62A1CBD2500FE29D5 /* Preview Assets.xcassets in Resources */,
				773000F32A1CBD2500FE29D5 /* Assets.xcassets in Resources */,
			);
			runOnlyForDeploymentPostprocessing = 0;
		};
/* End PBXResourcesBuildPhase section */

/* Begin PBXSourcesBuildPhase section */
		773000E72A1CBD2400FE29D5 /* Sources */ = {
			isa = PBXSourcesBuildPhase;
			buildActionMask = 2147483647;
			files = (
				77A70CD42A1F495200B87D34 /* photpView.swift in Sources */,
				77A70CDA2A1F4D5900B87D34 /* photoView2.swift in Sources */,
				773000FE2A1CBD6800FE29D5 /* InputTextField.swift in Sources */,
				773000F12A1CBD2400FE29D5 /* ContentView.swift in Sources */,
				773001012A1CC17500FE29D5 /* StoreInfoView.swift in Sources */,
				773001042A1CC51700FE29D5 /* ButtonStyle.swift in Sources */,
				7730010C2A1D206500FE29D5 /* ContactInforView.swift in Sources */,
				773001122A1DE89600FE29D5 /* thanksView.swift in Sources */,
				773000EF2A1CBD2400FE29D5 /* HomeMadeApp.swift in Sources */,
				773001142A1DEFBF00FE29D5 /* newView.swift in Sources */,
			);
			runOnlyForDeploymentPostprocessing = 0;
		};
/* End PBXSourcesBuildPhase section */

/* Begin XCBuildConfiguration section */
		773000F72A1CBD2500FE29D5 /* Debug */ = {
			isa = XCBuildConfiguration;
			buildSettings = {
				ALWAYS_SEARCH_USER_PATHS = NO;
				CLANG_ANALYZER_NONNULL = YES;
				CLANG_ANALYZER_NUMBER_OBJECT_CONVERSION = YES_AGGRESSIVE;
				CLANG_CXX_LANGUAGE_STANDARD = "gnu++20";
				CLANG_ENABLE_MODULES = YES;
				CLANG_ENABLE_OBJC_ARC = YES;
				CLANG_ENABLE_OBJC_WEAK = YES;
				CLANG_WARN_BLOCK_CAPTURE_AUTORELEASING = YES;
				CLANG_WARN_BOOL_CONVERSION = YES;
				CLANG_WARN_COMMA = YES;
				CLANG_WARN_CONSTANT_CONVERSION = YES;
				CLANG_WARN_DEPRECATED_OBJC_IMPLEMENTATIONS = YES;
				CLANG_WARN_DIRECT_OBJC_ISA_USAGE = YES_ERROR;
				CLANG_WARN_DOCUMENTATION_COMMENTS = YES;
				CLANG_WARN_EMPTY_BODY = YES;
				CLANG_WARN_ENUM_CONVERSION = YES;
				CLANG_WARN_INFINITE_RECURSION = YES;
				CLANG_WARN_INT_CONVERSION = YES;
				CLANG_WARN_NON_LITERAL_NULL_CONVERSION = YES;
				CLANG_WARN_OBJC_IMPLICIT_RETAIN_SELF = YES;
				CLANG_WARN_OBJC_LITERAL_CONVERSION = YES;
				CLANG_WARN_OBJC_ROOT_CLASS = YES_ERROR;
				CLANG_WARN_QUOTED_INCLUDE_IN_FRAMEWORK_HEADER = YES;
				CLANG_WARN_RANGE_LOOP_ANALYSIS = YES;
				CLANG_WARN_STRICT_PROTOTYPES = YES;
				CLANG_WARN_SUSPICIOUS_MOVE = YES;
				CLANG_WARN_UNGUARDED_AVAILABILITY = YES_AGGRESSIVE;
				CLANG_WARN_UNREACHABLE_CODE = YES;
				CLANG_WARN__DUPLICATE_METHOD_MATCH = YES;
				COPY_PHASE_STRIP = NO;
				DEBUG_INFORMATION_FORMAT = dwarf;
				ENABLE_STRICT_OBJC_MSGSEND = YES;
				ENABLE_TESTABILITY = YES;
				GCC_C_LANGUAGE_STANDARD = gnu11;
				GCC_DYNAMIC_NO_PIC = NO;
				GCC_NO_COMMON_BLOCKS = YES;
				GCC_OPTIMIZATION_LEVEL = 0;
				GCC_PREPROCESSOR_DEFINITIONS = (
					"DEBUG=1",
					"$(inherited)",
				);
				GCC_WARN_64_TO_32_BIT_CONVERSION = YES;
				GCC_WARN_ABOUT_RETURN_TYPE = YES_ERROR;
				GCC_WARN_UNDECLARED_SELECTOR = YES;
				GCC_WARN_UNINITIALIZED_AUTOS = YES_AGGRESSIVE;
				GCC_WARN_UNUSED_FUNCTION = YES;
				GCC_WARN_UNUSED_VARIABLE = YES;
				IPHONEOS_DEPLOYMENT_TARGET = 15.6;
				MTL_ENABLE_DEBUG_INFO = INCLUDE_SOURCE;
				MTL_FAST_MATH = YES;
				ONLY_ACTIVE_ARCH = YES;
				SDKROOT = iphoneos;
				SWIFT_ACTIVE_COMPILATION_CONDITIONS = DEBUG;
				SWIFT_OPTIMIZATION_LEVEL = "-Onone";
			};
			name = Debug;
		};
		773000F82A1CBD2500FE29D5 /* Release */ = {
			isa = XCBuildConfiguration;
			buildSettings = {
				ALWAYS_SEARCH_USER_PATHS = NO;
				CLANG_ANALYZER_NONNULL = YES;
				CLANG_ANALYZER_NUMBER_OBJECT_CONVERSION = YES_AGGRESSIVE;
				CLANG_CXX_LANGUAGE_STANDARD = "gnu++20";
				CLANG_ENABLE_MODULES = YES;
				CLANG_ENABLE_OBJC_ARC = YES;
				CLANG_ENABLE_OBJC_WEAK = YES;
				CLANG_WARN_BLOCK_CAPTURE_AUTORELEASING = YES;
				CLANG_WARN_BOOL_CONVERSION = YES;
				CLANG_WARN_COMMA = YES;
				CLANG_WARN_CONSTANT_CONVERSION = YES;
				CLANG_WARN_DEPRECATED_OBJC_IMPLEMENTATIONS = YES;
				CLANG_WARN_DIRECT_OBJC_ISA_USAGE = YES_ERROR;
				CLANG_WARN_DOCUMENTATION_COMMENTS = YES;
				CLANG_WARN_EMPTY_BODY = YES;
				CLANG_WARN_ENUM_CONVERSION = YES;
				CLANG_WARN_INFINITE_RECURSION = YES;
				CLANG_WARN_INT_CONVERSION = YES;
				CLANG_WARN_NON_LITERAL_NULL_CONVERSION = YES;
				CLANG_WARN_OBJC_IMPLICIT_RETAIN_SELF = YES;
				CLANG_WARN_OBJC_LITERAL_CONVERSION = YES;
				CLANG_WARN_OBJC_ROOT_CLASS = YES_ERROR;
				CLANG_WARN_QUOTED_INCLUDE_IN_FRAMEWORK_HEADER = YES;
				CLANG_WARN_RANGE_LOOP_ANALYSIS = YES;
				CLANG_WARN_STRICT_PROTOTYPES = YES;
				CLANG_WARN_SUSPICIOUS_MOVE = YES;
				CLANG_WARN_UNGUARDED_AVAILABILITY = YES_AGGRESSIVE;
				CLANG_WARN_UNREACHABLE_CODE = YES;
				CLANG_WARN__DUPLICATE_METHOD_MATCH = YES;
				COPY_PHASE_STRIP = NO;
				DEBUG_INFORMATION_FORMAT = "dwarf-with-dsym";
				ENABLE_NS_ASSERTIONS = NO;
				ENABLE_STRICT_OBJC_MSGSEND = YES;
				GCC_C_LANGUAGE_STANDARD = gnu11;
				GCC_NO_COMMON_BLOCKS = YES;
				GCC_WARN_64_TO_32_BIT_CONVERSION = YES;
				GCC_WARN_ABOUT_RETURN_TYPE = YES_ERROR;
				GCC_WARN_UNDECLARED_SELECTOR = YES;
				GCC_WARN_UNINITIALIZED_AUTOS = YES_AGGRESSIVE;
				GCC_WARN_UNUSED_FUNCTION = YES;
				GCC_WARN_UNUSED_VARIABLE = YES;
				IPHONEOS_DEPLOYMENT_TARGET = 15.6;
				MTL_ENABLE_DEBUG_INFO = NO;
				MTL_FAST_MATH = YES;
				SDKROOT = iphoneos;
				SWIFT_COMPILATION_MODE = wholemodule;
				SWIFT_OPTIMIZATION_LEVEL = "-O";
				VALIDATE_PRODUCT = YES;
			};
			name = Release;
		};
		773000FA2A1CBD2500FE29D5 /* Debug */ = {
			isa = XCBuildConfiguration;
			buildSettings = {
				ASSETCATALOG_COMPILER_APPICON_NAME = AppIcon;
				ASSETCATALOG_COMPILER_GLOBAL_ACCENT_COLOR_NAME = AccentColor;
				CODE_SIGN_STYLE = Automatic;
				CURRENT_PROJECT_VERSION = 1;
				DEVELOPMENT_ASSET_PATHS = "\"HomeMade/Preview Content\"";
				DEVELOPMENT_TEAM = GNL4WZL76X;
				ENABLE_PREVIEWS = YES;
				GENERATE_INFOPLIST_FILE = YES;
				INFOPLIST_KEY_UIApplicationSceneManifest_Generation = YES;
				INFOPLIST_KEY_UIApplicationSupportsIndirectInputEvents = YES;
				INFOPLIST_KEY_UILaunchScreen_Generation = YES;
				INFOPLIST_KEY_UISupportedInterfaceOrientations_iPad = "UIInterfaceOrientationPortrait UIInterfaceOrientationPortraitUpsideDown UIInterfaceOrientationLandscapeLeft UIInterfaceOrientationLandscapeRight";
				INFOPLIST_KEY_UISupportedInterfaceOrientations_iPhone = "UIInterfaceOrientationPortrait UIInterfaceOrientationLandscapeLeft UIInterfaceOrientationLandscapeRight";
				LD_RUNPATH_SEARCH_PATHS = (
					"$(inherited)",
					"@executable_path/Frameworks",
				);
				MARKETING_VERSION = 1.0;
				PRODUCT_BUNDLE_IDENTIFIER = "home-made.HomeMade";
				PRODUCT_NAME = "$(TARGET_NAME)";
				SWIFT_EMIT_LOC_STRINGS = YES;
				SWIFT_VERSION = 5.0;
				TARGETED_DEVICE_FAMILY = "1,2";
			};
			name = Debug;
		};
		773000FB2A1CBD2500FE29D5 /* Release */ = {
			isa = XCBuildConfiguration;
			buildSettings = {
				ASSETCATALOG_COMPILER_APPICON_NAME = AppIcon;
				ASSETCATALOG_COMPILER_GLOBAL_ACCENT_COLOR_NAME = AccentColor;
				CODE_SIGN_STYLE = Automatic;
				CURRENT_PROJECT_VERSION = 1;
				DEVELOPMENT_ASSET_PATHS = "\"HomeMade/Preview Content\"";
				DEVELOPMENT_TEAM = GNL4WZL76X;
				ENABLE_PREVIEWS = YES;
				GENERATE_INFOPLIST_FILE = YES;
				INFOPLIST_KEY_UIApplicationSceneManifest_Generation = YES;
				INFOPLIST_KEY_UIApplicationSupportsIndirectInputEvents = YES;
				INFOPLIST_KEY_UILaunchScreen_Generation = YES;
				INFOPLIST_KEY_UISupportedInterfaceOrientations_iPad = "UIInterfaceOrientationPortrait UIInterfaceOrientationPortraitUpsideDown UIInterfaceOrientationLandscapeLeft UIInterfaceOrientationLandscapeRight";
				INFOPLIST_KEY_UISupportedInterfaceOrientations_iPhone = "UIInterfaceOrientationPortrait UIInterfaceOrientationLandscapeLeft UIInterfaceOrientationLandscapeRight";
				LD_RUNPATH_SEARCH_PATHS = (
					"$(inherited)",
					"@executable_path/Frameworks",
				);
				MARKETING_VERSION = 1.0;
				PRODUCT_BUNDLE_IDENTIFIER = "home-made.HomeMade";
				PRODUCT_NAME = "$(TARGET_NAME)";
				SWIFT_EMIT_LOC_STRINGS = YES;
				SWIFT_VERSION = 5.0;
				TARGETED_DEVICE_FAMILY = "1,2";
			};
			name = Release;
		};
/* End XCBuildConfiguration section */

/* Begin XCConfigurationList section */
		773000E62A1CBD2400FE29D5 /* Build configuration list for PBXProject "HomeMade" */ = {
			isa = XCConfigurationList;
			buildConfigurations = (
				773000F72A1CBD2500FE29D5 /* Debug */,
				773000F82A1CBD2500FE29D5 /* Release */,
			);
			defaultConfigurationIsVisible = 0;
			defaultConfigurationName = Release;
		};
		773000F92A1CBD2500FE29D5 /* Build configuration list for PBXNativeTarget "HomeMade" */ = {
			isa = XCConfigurationList;
			buildConfigurations = (
				773000FA2A1CBD2500FE29D5 /* Debug */,
				773000FB2A1CBD2500FE29D5 /* Release */,
			);
			defaultConfigurationIsVisible = 0;
			defaultConfigurationName = Release;
		};
/* End XCConfigurationList section */
	};
	rootObject = 773000E32A1CBD2400FE29D5 /* Project object */;
}
